{
    "_readme": [
        "This file locks the dependencies of your project to a known state",
        "Read more about it at https://getcomposer.org/doc/01-basic-usage.md#composer-lock-the-lock-file",
        "This file is @generated automatically"
    ],
    "hash": "a11bfdeecc32d94bff4e3252a42be30d",
    "content-hash": "42a49583ad1daea2a95f8533dfa3bcad",
    "packages": [
        {
            "name": "EastDesire/jscolor",
            "version": "2.0.4",
            "source": {
                "type": "git",
                "url": "https://github.com/EastDesire/jscolor.git",
                "reference": "master"
            },
            "type": "library"
        },
        {
            "name": "box/spout",
            "version": "v2.5.0",
            "source": {
                "type": "git",
                "url": "https://github.com/box/spout.git",
                "reference": "a8eb7ad39cfd7ae92889a361f72e5090b5a9095b"
            },
            "dist": {
                "type": "zip",
                "url": "https://api.github.com/repos/box/spout/zipball/a8eb7ad39cfd7ae92889a361f72e5090b5a9095b",
                "reference": "a8eb7ad39cfd7ae92889a361f72e5090b5a9095b",
                "shasum": ""
            },
            "require": {
                "ext-simplexml": "*",
                "ext-xmlreader": "*",
                "ext-zip": "*",
                "php": ">=5.4.0"
            },
            "require-dev": {
                "phpunit/phpunit": "^4.8.0"
            },
            "suggest": {
                "ext-iconv": "To handle non UTF-8 CSV files (if \"php-intl\" is not already installed or is too limited)",
                "ext-intl": "To handle non UTF-8 CSV files (if \"iconv\" is not already installed)"
            },
            "type": "library",
            "extra": {
                "branch-alias": {
                    "dev-master": "2.5.x-dev"
                }
            },
            "autoload": {
                "psr-4": {
                    "Box\\Spout\\": "src/Spout"
                }
            },
            "notification-url": "https://packagist.org/downloads/",
            "license": [
                "Apache-2.0"
            ],
            "authors": [
                {
                    "name": "Adrien Loison",
                    "email": "adrien@box.com"
                }
            ],
            "description": "PHP Library to read and write spreadsheet files (CSV, XLSX and ODS), in a fast and scalable way",
            "homepage": "https://www.github.com/box/spout",
            "keywords": [
                "OOXML",
                "csv",
                "excel",
                "memory",
                "odf",
                "ods",
                "office",
                "open",
                "php",
                "read",
                "scale",
                "spreadsheet",
                "stream",
                "write",
                "xlsx"
            ],
            "time": "2016-07-11 17:03:37"
        },
        {
            "name": "ckeditor/ckeditor",
            "version": "4.5.10",
            "source": {
                "type": "git",
                "url": "https://github.com/ckeditor/ckeditor-releases.git",
                "reference": "b889d7d3071a7a9d691e2e89170c745159f9f8c9"
            },
            "dist": {
                "type": "zip",
                "url": "https://api.github.com/repos/ckeditor/ckeditor-releases/zipball/b889d7d3071a7a9d691e2e89170c745159f9f8c9",
                "reference": "b889d7d3071a7a9d691e2e89170c745159f9f8c9",
                "shasum": ""
            },
            "type": "library",
            "notification-url": "https://packagist.org/downloads/",
            "license": [
                "GPL-2.0+",
                "LGPL-2.1+",
                "MPL-1.1+"
            ],
            "authors": [
                {
                    "name": "CKSource",
                    "homepage": "http://cksource.com"
                }
            ],
            "description": "JavaScript WYSIWYG web text editor.",
            "homepage": "http://ckeditor.com",
            "keywords": [
                "CKEditor",
                "editor",
                "fckeditor",
                "html",
                "javascript",
                "richtext",
                "text",
                "wysiwyg"
            ],
            "time": "2016-07-13 13:57:11"
        },
        {
            "name": "components/highlightjs",
            "version": "9.5.0",
            "source": {
                "type": "git",
                "url": "https://github.com/components/highlightjs.git",
                "reference": "2c7b489ff7a6bd6a95f47fdc9bdc03fb1fd0f788"
            },
            "dist": {
                "type": "zip",
                "url": "https://api.github.com/repos/components/highlightjs/zipball/2c7b489ff7a6bd6a95f47fdc9bdc03fb1fd0f788",
                "reference": "2c7b489ff7a6bd6a95f47fdc9bdc03fb1fd0f788",
                "shasum": ""
            },
            "type": "component",
            "extra": {
                "component": {
                    "scripts": [
                        "highlight.pack.min.js"
                    ],
                    "files": [
                        "styles/*"
                    ],
                    "shim": {
                        "exports": "hljs"
                    }
                }
            },
            "notification-url": "https://packagist.org/downloads/",
            "license": [
                "BSD-3-Clause"
            ],
            "authors": [
                {
                    "name": "Ivan Sagalaev",
                    "email": "maniac@softwaremaniacs.org",
                    "homepage": "http://softwaremaniacs.org"
                }
            ],
            "description": "Highlight.js highlights syntax in code examples on blogs, forums and in fact on any web pages.",
            "time": "2016-07-14 06:13:11"
        },
        {
            "name": "donatj/phpuseragentparser",
            "version": "v0.5.1",
            "source": {
                "type": "git",
                "url": "https://github.com/donatj/PhpUserAgent.git",
                "reference": "b00392786281877db6a51d0e48dee7296c7ba4f8"
            },
            "dist": {
                "type": "zip",
                "url": "https://api.github.com/repos/donatj/PhpUserAgent/zipball/b00392786281877db6a51d0e48dee7296c7ba4f8",
                "reference": "b00392786281877db6a51d0e48dee7296c7ba4f8",
                "shasum": ""
            },
            "require": {
                "php": ">=5.3.0"
            },
            "require-dev": {
                "camspiers/json-pretty": "0.1.*",
                "donatj/drop": "*",
                "phpunit/phpunit": ">=4.8"
            },
            "type": "library",
            "autoload": {
                "files": [
                    "Source/UserAgentParser.php"
                ]
            },
            "notification-url": "https://packagist.org/downloads/",
            "license": [
                "MIT"
            ],
            "authors": [
                {
                    "name": "Jesse G. Donat",
                    "email": "donatj@gmail.com",
                    "homepage": "http://donatstudios.com",
                    "role": "Developer"
                }
            ],
            "description": "Simple, streamlined PHP user-agent parser",
            "homepage": "http://donatstudios.com/PHP-Parser-HTTP_USER_AGENT",
            "keywords": [
                "browser",
                "browser detection",
                "parser",
                "user agent",
                "useragent"
            ],
            "time": "2016-03-07 17:14:32"
        },
        {
            "name": "ezyang/htmlpurifier",
            "version": "v4.8.0",
            "source": {
                "type": "git",
                "url": "https://github.com/ezyang/htmlpurifier.git",
                "reference": "d0c392f77d2f2a3dcf7fcb79e2a1e2b8804e75b2"
            },
            "dist": {
                "type": "zip",
                "url": "https://api.github.com/repos/ezyang/htmlpurifier/zipball/d0c392f77d2f2a3dcf7fcb79e2a1e2b8804e75b2",
                "reference": "d0c392f77d2f2a3dcf7fcb79e2a1e2b8804e75b2",
                "shasum": ""
            },
            "require": {
                "php": ">=5.2"
            },
            "type": "library",
            "autoload": {
                "psr-0": {
                    "HTMLPurifier": "library/"
                },
                "files": [
                    "library/HTMLPurifier.composer.php"
                ]
            },
            "notification-url": "https://packagist.org/downloads/",
            "license": [
                "LGPL"
            ],
            "authors": [
                {
                    "name": "Edward Z. Yang",
                    "email": "admin@htmlpurifier.org",
                    "homepage": "http://ezyang.com"
                }
            ],
            "description": "Standards compliant HTML filter written in PHP",
            "homepage": "http://htmlpurifier.org/",
            "keywords": [
                "html"
            ],
            "time": "2016-07-16 12:58:58"
        },
        {
            "name": "mibe/feedwriter",
            "version": "v1.0.4",
            "source": {
                "type": "git",
                "url": "https://github.com/mibe/FeedWriter.git",
                "reference": "73b68701f357e70659e91f74ea8680b8526e413b"
            },
            "dist": {
                "type": "zip",
                "url": "https://api.github.com/repos/mibe/FeedWriter/zipball/73b68701f357e70659e91f74ea8680b8526e413b",
                "reference": "73b68701f357e70659e91f74ea8680b8526e413b",
                "shasum": ""
            },
            "require": {
                "php": ">=5.3.0"
            },
            "type": "library",
            "extra": {
                "branch-alias": {
                    "dev-master": "1.0.x-dev"
                }
            },
            "autoload": {
                "classmap": [
                    "ATOM.php",
                    "Feed.php",
                    "Item.php",
                    "RSS1.php",
                    "RSS2.php"
                ]
            },
            "notification-url": "https://packagist.org/downloads/",
            "license": [
                "GPL-3.0"
            ],
            "authors": [
                {
                    "name": "Anis uddin Ahmad"
                },
                {
                    "name": "Michael Bemmerl",
                    "email": "mail@mx-server.de"
                },
                {
                    "name": "Phil Freo"
                },
                {
                    "name": "Paul Ferrett"
                },
                {
                    "name": "Brennen Bearnes"
                },
                {
                    "name": "Michael Robinson",
                    "email": "mike@pagesofinterest.net"
                },
                {
                    "name": "Baptiste Fontaine"
                },
                {
                    "name": "Kristián Valentín"
                },
                {
                    "name": "Brandtley McMinn"
                },
                {
                    "name": "Julian Bogdani"
                }
            ],
            "description": "Generate feeds in either RSS 1.0, RSS 2.0 or ATOM formats",
            "homepage": "https://github.com/mibe/FeedWriter",
            "keywords": [
                "atom",
                "feed",
                "rss"
            ],
            "time": "2016-04-17 21:37:55"
        },
        {
            "name": "netcarver/textile",
            "version": "v3.5.5",
            "source": {
                "type": "git",
                "url": "https://github.com/textile/php-textile.git",
                "reference": "1b95af533775316d09bd36a38bee2c0b804add12"
            },
            "dist": {
                "type": "zip",
                "url": "https://api.github.com/repos/textile/php-textile/zipball/1b95af533775316d09bd36a38bee2c0b804add12",
                "reference": "1b95af533775316d09bd36a38bee2c0b804add12",
                "shasum": ""
            },
            "require": {
                "php": ">=5.3.0"
            },
            "require-dev": {
                "phpunit/phpunit": "3.7.*",
                "satooshi/php-coveralls": "0.6.*",
                "squizlabs/php_codesniffer": "1.5.*",
                "symfony/yaml": "2.3.*"
            },
            "type": "library",
            "extra": {
                "branch-alias": {
                    "dev-master": "3.5-dev"
                }
            },
            "autoload": {
                "psr-0": {
                    "Netcarver\\Textile": "src/"
                }
            },
            "notification-url": "https://packagist.org/downloads/",
            "license": [
                "BSD-3-Clause"
            ],
            "description": "Textile markup language parser",
            "homepage": "https://github.com/textile/php-textile",
            "keywords": [
                "document",
                "format",
                "html",
                "language",
                "markup",
                "parser",
                "php-textile",
                "plaintext",
                "textile"
            ],
            "time": "2014-01-02 09:39:06"
        },
        {
            "name": "openlss/lib-array2xml",
            "version": "0.0.10",
            "source": {
                "type": "git",
                "url": "https://github.com/openlss/lib-array2xml.git",
                "reference": "f6686668959a342ec326c5ad82ac557d767f34ef"
            },
            "dist": {
                "type": "zip",
                "url": "https://api.github.com/repos/openlss/lib-array2xml/zipball/f6686668959a342ec326c5ad82ac557d767f34ef",
                "reference": "f6686668959a342ec326c5ad82ac557d767f34ef",
                "shasum": ""
            },
            "require": {
                "php": ">=5.3.2"
            },
            "type": "library",
            "autoload": {
                "psr-0": {
                    "LSS": ""
                }
            },
            "notification-url": "https://packagist.org/downloads/",
            "license": [
                "Apache-2.0"
            ],
            "authors": [
                {
                    "name": "Bryan Tong",
                    "email": "contact@nullivex.com",
                    "homepage": "http://bryantong.com"
                },
                {
                    "name": "Tony Butler",
                    "email": "spudz76@gmail.com",
                    "homepage": "http://openlss.org"
                }
            ],
            "description": "Array2XML conversion library credit to lalit.org",
            "homepage": "http://openlss.org",
            "keywords": [
                "array",
                "array conversion",
                "xml",
                "xml conversion"
            ],
            "time": "2015-09-16 18:59:23"
        },
        {
            "name": "phpoffice/phpexcel",
            "version": "1.8.1",
            "source": {
                "type": "git",
                "url": "https://github.com/PHPOffice/PHPExcel.git",
                "reference": "372c7cbb695a6f6f1e62649381aeaa37e7e70b32"
            },
            "dist": {
                "type": "zip",
                "url": "https://api.github.com/repos/PHPOffice/PHPExcel/zipball/372c7cbb695a6f6f1e62649381aeaa37e7e70b32",
                "reference": "372c7cbb695a6f6f1e62649381aeaa37e7e70b32",
                "shasum": ""
            },
            "require": {
                "ext-xml": "*",
                "ext-xmlwriter": "*",
                "php": ">=5.2.0"
            },
            "type": "library",
            "autoload": {
                "psr-0": {
                    "PHPExcel": "Classes/"
                }
            },
            "notification-url": "https://packagist.org/downloads/",
            "license": [
                "LGPL"
            ],
            "authors": [
                {
                    "name": "Maarten Balliauw",
                    "homepage": "http://blog.maartenballiauw.be"
                },
                {
                    "name": "Mark Baker"
                },
                {
                    "name": "Franck Lefevre",
                    "homepage": "http://blog.rootslabs.net"
                },
                {
                    "name": "Erik Tilt"
                }
            ],
            "description": "PHPExcel - OpenXML - Read, Create and Write Spreadsheet documents in PHP - Spreadsheet engine",
            "homepage": "http://phpexcel.codeplex.com",
            "keywords": [
                "OpenXML",
                "excel",
                "php",
                "spreadsheet",
                "xls",
                "xlsx"
            ],
            "time": "2015-05-01 07:00:55"
        },
        {
            "name": "swfobject/swfobject",
            "version": "2.3",
            "source": {
                "type": "git",
                "url": "https://github.com/swfobject/swfobject.git",
                "reference": "master"
            },
            "type": "library"
        }
    ],
    "packages-dev": [],
    "aliases": [],
    "minimum-stability": "stable",
    "stability-flags": [],
    "prefer-stable": false,
    "prefer-lowest": false,
    "platform": [],
    "platform-dev": []
}
